
Microsoft Visual Studio Solution File, Format Version 12.00
# Visual Studio Version 17
VisualStudioVersion = 17.0.31903.59
MinimumVisualStudioVersion = 10.0.40219.1
Project("{2150E333-8FDC-42A3-9474-1A3956D46DE8}") = "src", "src", "{827E0CD3-B72D-47B6-A68D-7590B98EB39B}"
EndProject
Project("{FAE04EC0-301F-11D3-BF4B-00C04F79EFBC}") = "Comic.Core", "src\Comic.Core\Comic.Core.csproj", "{9DAE3B0E-BC62-47CD-A359-6FC19D34660D}"
EndProject
Project("{FAE04EC0-301F-11D3-BF4B-00C04F79EFBC}") = "Comic.Infrastructure", "src\Comic.Infrastructure\Comic.Infrastructure.csproj", "{B7B2C064-6D60-4C02-96E7-848D96EA3C3C}"
EndProject
Project("{FAE04EC0-301F-11D3-BF4B-00C04F79EFBC}") = "Comic.Desktop", "src\Comic.Desktop\Comic.Desktop.csproj", "{017D391F-CC8A-4F69-8415-295FDE71B260}"
EndProject
Project("{2150E333-8FDC-42A3-9474-1A3956D46DE8}") = "tests", "tests", "{0AB3BF05-4346-4AA6-1389-037BE0695223}"
EndProject
Project("{FAE04EC0-301F-11D3-BF4B-00C04F79EFBC}") = "Comic.Tests", "tests\Comic.Tests\Comic.Tests.csproj", "{9226B400-2D1F-4340-BB32-20A60FA3D912}"
EndProject
Global
	GlobalSection(SolutionConfigurationPlatforms) = preSolution
		Debug|Any CPU = Debug|Any CPU
		Debug|x64 = Debug|x64
		Debug|x86 = Debug|x86
		Release|Any CPU = Release|Any CPU
		Release|x64 = Release|x64
		Release|x86 = Release|x86
	EndGlobalSection
	GlobalSection(ProjectConfigurationPlatforms) = postSolution
		{9DAE3B0E-BC62-47CD-A359-6FC19D34660D}.Debug|Any CPU.ActiveCfg = Debug|Any CPU
		{9DAE3B0E-BC62-47CD-A359-6FC19D34660D}.Debug|Any CPU.Build.0 = Debug|Any CPU
		{9DAE3B0E-BC62-47CD-A359-6FC19D34660D}.Debug|x64.ActiveCfg = Debug|Any CPU
		{9DAE3B0E-BC62-47CD-A359-6FC19D34660D}.Debug|x64.Build.0 = Debug|Any CPU
		{9DAE3B0E-BC62-47CD-A359-6FC19D34660D}.Debug|x86.ActiveCfg = Debug|Any CPU
		{9DAE3B0E-BC62-47CD-A359-6FC19D34660D}.Debug|x86.Build.0 = Debug|Any CPU
		{9DAE3B0E-BC62-47CD-A359-6FC19D34660D}.Release|Any CPU.ActiveCfg = Release|Any CPU
		{9DAE3B0E-BC62-47CD-A359-6FC19D34660D}.Release|Any CPU.Build.0 = Release|Any CPU
		{9DAE3B0E-BC62-47CD-A359-6FC19D34660D}.Release|x64.ActiveCfg = Release|Any CPU
		{9DAE3B0E-BC62-47CD-A359-6FC19D34660D}.Release|x64.Build.0 = Release|Any CPU
		{9DAE3B0E-BC62-47CD-A359-6FC19D34660D}.Release|x86.ActiveCfg = Release|Any CPU
		{9DAE3B0E-BC62-47CD-A359-6FC19D34660D}.Release|x86.Build.0 = Release|Any CPU
		{B7B2C064-6D60-4C02-96E7-848D96EA3C3C}.Debug|Any CPU.ActiveCfg = Debug|Any CPU
		{B7B2C064-6D60-4C02-96E7-848D96EA3C3C}.Debug|Any CPU.Build.0 = Debug|Any CPU
		{B7B2C064-6D60-4C02-96E7-848D96EA3C3C}.Debug|x64.ActiveCfg = Debug|Any CPU
		{B7B2C064-6D60-4C02-96E7-848D96EA3C3C}.Debug|x64.Build.0 = Debug|Any CPU
		{B7B2C064-6D60-4C02-96E7-848D96EA3C3C}.Debug|x86.ActiveCfg = Debug|Any CPU
		{B7B2C064-6D60-4C02-96E7-848D96EA3C3C}.Debug|x86.Build.0 = Debug|Any CPU
		{B7B2C064-6D60-4C02-96E7-848D96EA3C3C}.Release|Any CPU.ActiveCfg = Release|Any CPU
		{B7B2C064-6D60-4C02-96E7-848D96EA3C3C}.Release|Any CPU.Build.0 = Release|Any CPU
		{B7B2C064-6D60-4C02-96E7-848D96EA3C3C}.Release|x64.ActiveCfg = Release|Any CPU
		{B7B2C064-6D60-4C02-96E7-848D96EA3C3C}.Release|x64.Build.0 = Release|Any CPU
		{B7B2C064-6D60-4C02-96E7-848D96EA3C3C}.Release|x86.ActiveCfg = Release|Any CPU
		{B7B2C064-6D60-4C02-96E7-848D96EA3C3C}.Release|x86.Build.0 = Release|Any CPU
		{017D391F-CC8A-4F69-8415-295FDE71B260}.Debug|Any CPU.ActiveCfg = Debug|Any CPU
		{017D391F-CC8A-4F69-8415-295FDE71B260}.Debug|Any CPU.Build.0 = Debug|Any CPU
		{017D391F-CC8A-4F69-8415-295FDE71B260}.Debug|x64.ActiveCfg = Debug|Any CPU
		{017D391F-CC8A-4F69-8415-295FDE71B260}.Debug|x64.Build.0 = Debug|Any CPU
		{017D391F-CC8A-4F69-8415-295FDE71B260}.Debug|x86.ActiveCfg = Debug|Any CPU
		{017D391F-CC8A-4F69-8415-295FDE71B260}.Debug|x86.Build.0 = Debug|Any CPU
		{017D391F-CC8A-4F69-8415-295FDE71B260}.Release|Any CPU.ActiveCfg = Release|Any CPU
		{017D391F-CC8A-4F69-8415-295FDE71B260}.Release|Any CPU.Build.0 = Release|Any CPU
		{017D391F-CC8A-4F69-8415-295FDE71B260}.Release|x64.ActiveCfg = Release|Any CPU
		{017D391F-CC8A-4F69-8415-295FDE71B260}.Release|x64.Build.0 = Release|Any CPU
		{017D391F-CC8A-4F69-8415-295FDE71B260}.Release|x86.ActiveCfg = Release|Any CPU
		{017D391F-CC8A-4F69-8415-295FDE71B260}.Release|x86.Build.0 = Release|Any CPU
		{9226B400-2D1F-4340-BB32-20A60FA3D912}.Debug|Any CPU.ActiveCfg = Debug|Any CPU
		{9226B400-2D1F-4340-BB32-20A60FA3D912}.Debug|Any CPU.Build.0 = Debug|Any CPU
		{9226B400-2D1F-4340-BB32-20A60FA3D912}.Debug|x64.ActiveCfg = Debug|Any CPU
		{9226B400-2D1F-4340-BB32-20A60FA3D912}.Debug|x64.Build.0 = Debug|Any CPU
		{9226B400-2D1F-4340-BB32-20A60FA3D912}.Debug|x86.ActiveCfg = Debug|Any CPU
		{9226B400-2D1F-4340-BB32-20A60FA3D912}.Debug|x86.Build.0 = Debug|Any CPU
		{9226B400-2D1F-4340-BB32-20A60FA3D912}.Release|Any CPU.ActiveCfg = Release|Any CPU
		{9226B400-2D1F-4340-BB32-20A60FA3D912}.Release|Any CPU.Build.0 = Release|Any CPU
		{9226B400-2D1F-4340-BB32-20A60FA3D912}.Release|x64.ActiveCfg = Release|Any CPU
		{9226B400-2D1F-4340-BB32-20A60FA3D912}.Release|x64.Build.0 = Release|Any CPU
		{9226B400-2D1F-4340-BB32-20A60FA3D912}.Release|x86.ActiveCfg = Release|Any CPU
		{9226B400-2D1F-4340-BB32-20A60FA3D912}.Release|x86.Build.0 = Release|Any CPU
	EndGlobalSection
	GlobalSection(SolutionProperties) = preSolution
		HideSolutionNode = FALSE
	EndGlobalSection
	GlobalSection(NestedProjects) = preSolution
		{9DAE3B0E-BC62-47CD-A359-6FC19D34660D} = {827E0CD3-B72D-47B6-A68D-7590B98EB39B}
		{B7B2C064-6D60-4C02-96E7-848D96EA3C3C} = {827E0CD3-B72D-47B6-A68D-7590B98EB39B}
		{017D391F-CC8A-4F69-8415-295FDE71B260} = {827E0CD3-B72D-47B6-A68D-7590B98EB39B}
		{9226B400-2D1F-4340-BB32-20A60FA3D912} = {0AB3BF05-4346-4AA6-1389-037BE0695223}
	EndGlobalSection
EndGlobal
